
Microsoft Visual Studio Solution File, Format Version 12.00
Project("{FAE04EC0-301F-11D3-BF4B-00C04F79EFBC}") = "Rx.NET", "Rx.NET.csproj", "{27931A06-2A29-44BB-B112-480D80625D74}"
EndProject
Global
	GlobalSection(SolutionConfigurationPlatforms) = preSolution
		Debug|Any CPU = Debug|Any CPU
		Release|Any CPU = Release|Any CPU
	EndGlobalSection
	GlobalSection(ProjectConfigurationPlatforms) = postSolution
		{27931A06-2A29-44BB-B112-480D80625D74}.Debug|Any CPU.ActiveCfg = Debug|Any CPU
		{27931A06-2A29-44BB-B112-480D80625D74}.Debug|Any CPU.Build.0 = Debug|Any CPU
		{27931A06-2A29-44BB-B112-480D80625D74}.Release|Any CPU.ActiveCfg = Release|Any CPU
		{27931A06-2A29-44BB-B112-480D80625D74}.Release|Any CPU.Build.0 = Release|Any CPU
	EndGlobalSection
EndGlobal
